
Microsoft Visual Studio Solution File, Format Version 12.00
# Visual Studio Version 17
VisualStudioVersion = 17.13.35919.96 d17.13
MinimumVisualStudioVersion = 10.0.40219.1
Project("{FAE04EC0-301F-11D3-BF4B-00C04F79EFBC}") = "onlineQzAPP", "onlineQzAPP\onlineQzAPP.csproj", "{712CB6DA-33E3-4940-A120-E788E1B0FCDF}"
EndProject
Global
	GlobalSection(SolutionConfigurationPlatforms) = preSolution
		Debug|Any CPU = Debug|Any CPU
		Release|Any CPU = Release|Any CPU
	EndGlobalSection
	GlobalSection(ProjectConfigurationPlatforms) = postSolution
		{712CB6DA-33E3-4940-A120-E788E1B0FCDF}.Debug|Any CPU.ActiveCfg = Debug|Any CPU
		{712CB6DA-33E3-4940-A120-E788E1B0FCDF}.Debug|Any CPU.Build.0 = Debug|Any CPU
		{712CB6DA-33E3-4940-A120-E788E1B0FCDF}.Release|Any CPU.ActiveCfg = Release|Any CPU
		{712CB6DA-33E3-4940-A120-E788E1B0FCDF}.Release|Any CPU.Build.0 = Release|Any CPU
	EndGlobalSection
	GlobalSection(SolutionProperties) = preSolution
		HideSolutionNode = FALSE
	EndGlobalSection
	GlobalSection(ExtensibilityGlobals) = postSolution
		SolutionGuid = {C9262F8A-933A-49D5-8E53-1BDCFCA958D3}
	EndGlobalSection
EndGlobal
